# Machine-readable KRKR2 port provenance. Keep this file in sync with the
# source commit used for release builds.
repository=https://github.com/LPF970915/ROCgalgame-krkr2-port.git
source_commit=fcaa0623ec6bb0eba0b18e428870e81cb8b780df
baseline_tag=rocgalgame-0.28-baseline
baseline_package=GKD350HUltra/Downloads/ROCgalgame ver0.28 for GKD350H Ultra.zip
baseline_package_sha256=5db38b1d4bbf504bda5979cb7c09d885a4a0c14a46ef919e6fc43c9116503495
baseline_package_created_at=2026-08-03T16:36:09+08:00
baseline_core_sha256=f88a3af153ab85248e6f36293e12930e559653f499df1d7c6c9ec6a88d8979d7
upstream_repository=https://github.com/2468785842/krkr2.git
upstream_commit=dca7264572a63e753c1b07ca7053513d1751ce70
policy=no-push-to-upstream
